// !$*UTF8*$!
{
	archiveVersion = 1;
	classes = {
	};
	objectVersion = 46;
	objects = {

/* Begin PBXBuildFile section */
		3C06E3D41D1154DD00924DCE /* main.m in Sources */ = {isa = PBXBuildFile; fileRef = 3C06E3D31D1154DD00924DCE /* main.m */; };
		3C06E3D71D1154DD00924DCE /* AppDelegate.m in Sources */ = {isa = PBXBuildFile; fileRef = 3C06E3D61D1154DD00924DCE /* AppDelegate.m */; };
		3C06E3DA1D1154DD00924DCE /* ViewController.m in Sources */ = {isa = PBXBuildFile; fileRef = 3C06E3D91D1154DD00924DCE /* ViewController.m */; };
		3C06E3DD1D1154DD00924DCE /* Main.storyboard in Resources */ = {isa = PBXBuildFile; fileRef = 3C06E3DB1D1154DD00924DCE /* Main.storyboard */; };
		3C06E3DF1D1154DD00924DCE /* Assets.xcassets in Resources */ = {isa = PBXBuildFile; fileRef = 3C06E3DE1D1154DD00924DCE /* Assets.xcassets */; };
		3C06E3E21D1154DD00924DCE /* LaunchScreen.storyboard in Resources */ = {isa = PBXBuildFile; fileRef = 3C06E3E01D1154DD00924DCE /* LaunchScreen.storyboard */; };
		3C06E3ED1D1154DD00924DCE /* BHTabbarProjectTests.m in Sources */ = {isa = PBXBuildFile; fileRef = 3C06E3EC1D1154DD00924DCE /* BHTabbarProjectTests.m */; };
		3C06E3FC1D1154EE00924DCE /* BHButton.m in Sources */ = {isa = PBXBuildFile; fileRef = 3C06E3F91D1154EE00924DCE /* BHButton.m */; };
		3C06E3FD1D1154EE00924DCE /* BHTabBarController.m in Sources */ = {isa = PBXBuildFile; fileRef = 3C06E3FB1D1154EE00924DCE /* BHTabBarController.m */; };
		3C06E4001D11552F00924DCE /* home_press@2x.png in Resources */ = {isa = PBXBuildFile; fileRef = 3C06E3FE1D11552F00924DCE /* home_press@2x.png */; };
		3C06E4011D11552F00924DCE /* home@2x.png in Resources */ = {isa = PBXBuildFile; fileRef = 3C06E3FF1D11552F00924DCE /* home@2x.png */; };
/* End PBXBuildFile section */

/* Begin PBXContainerItemProxy section */
		3C06E3E91D1154DD00924DCE /* PBXContainerItemProxy */ = {
			isa = PBXContainerItemProxy;
			containerPortal = 3C06E3C71D1154DD00924DCE /* Project object */;
			proxyType = 1;
			remoteGlobalIDString = 3C06E3CE1D1154DD00924DCE;
			remoteInfo = BHTabbarProject;
		};
/* End PBXContainerItemProxy section */

/* Begin PBXFileReference section */
		3C06E3CF1D1154DD00924DCE /* BHTabbarProject.app */ = {isa = PBXFileReference; explicitFileType = wrapper.application; includeInIndex = 0; path = BHTabbarProject.app; sourceTree = BUILT_PRODUCTS_DIR; };
		3C06E3D31D1154DD00924DCE /* main.m */ = {isa = PBXFileReference; lastKnownFileType = sourcecode.c.objc; path = main.m; sourceTree = "<group>"; };
		3C06E3D51D1154DD00924DCE /* AppDelegate.h */ = {isa = PBXFileReference; lastKnownFileType = sourcecode.c.h; path = AppDelegate.h; sourceTree = "<group>"; };
		3C06E3D61D1154DD00924DCE /* AppDelegate.m */ = {isa = PBXFileReference; lastKnownFileType = sourcecode.c.objc; path = AppDelegate.m; sourceTree = "<group>"; };
		3C06E3D81D1154DD00924DCE /* ViewController.h */ = {isa = PBXFileReference; lastKnownFileType = sourcecode.c.h; path = ViewController.h; sourceTree = "<group>"; };
		3C06E3D91D1154DD00924DCE /* ViewController.m */ = {isa = PBXFileReference; lastKnownFileType = sourcecode.c.objc; path = ViewController.m; sourceTree = "<group>"; };
		3C06E3DC1D1154DD00924DCE /* Base */ = {isa = PBXFileReference; lastKnownFileType = file.storyboard; name = Base; path = Base.lproj/Main.storyboard; sourceTree = "<group>"; };
		3C06E3DE1D1154DD00924DCE /* Assets.xcassets */ = {isa = PBXFileReference; lastKnownFileType = folder.assetcatalog; path = Assets.xcassets; sourceTree = "<group>"; };
		3C06E3E11D1154DD00924DCE /* Base */ = {isa = PBXFileReference; lastKnownFileType = file.storyboard; name = Base; path = Base.lproj/LaunchScreen.storyboard; sourceTree = "<group>"; };
		3C06E3E31D1154DD00924DCE /* Info.plist */ = {isa = PBXFileReference; lastKnownFileType = text.plist.xml; path = Info.plist; sourceTree = "<group>"; };
		3C06E3E81D1154DD00924DCE /* BHTabbarProjectTests.xctest */ = {isa = PBXFileReference; explicitFileType = wrapper.cfbundle; includeInIndex = 0; path = BHTabbarProjectTests.xctest; sourceTree = BUILT_PRODUCTS_DIR; };
		3C06E3EC1D1154DD00924DCE /* BHTabbarProjectTests.m */ = {isa = PBXFileReference; lastKnownFileType = sourcecode.c.objc; path = BHTabbarProjectTests.m; sourceTree = "<group>"; };
		3C06E3EE1D1154DD00924DCE /* Info.plist */ = {isa = PBXFileReference; lastKnownFileType = text.plist.xml; path = Info.plist; sourceTree = "<group>"; };
		3C06E3F81D1154EE00924DCE /* BHButton.h */ = {isa = PBXFileReference; fileEncoding = 4; lastKnownFileType = sourcecode.c.h; path = BHButton.h; sourceTree = "<group>"; };
		3C06E3F91D1154EE00924DCE /* BHButton.m */ = {isa = PBXFileReference; fileEncoding = 4; lastKnownFileType = sourcecode.c.objc; path = BHButton.m; sourceTree = "<group>"; };
		3C06E3FA1D1154EE00924DCE /* BHTabBarController.h */ = {isa = PBXFileReference; fileEncoding = 4; lastKnownFileType = sourcecode.c.h; path = BHTabBarController.h; sourceTree = "<group>"; };
		3C06E3FB1D1154EE00924DCE /* BHTabBarController.m */ = {isa = PBXFileReference; fileEncoding = 4; lastKnownFileType = sourcecode.c.objc; path = BHTabBarController.m; sourceTree = "<group>"; };
		3C06E3FE1D11552F00924DCE /* home_press@2x.png */ = {isa = PBXFileReference; lastKnownFileType = image.png; path = "home_press@2x.png"; sourceTree = "<group>"; };
		3C06E3FF1D11552F00924DCE /* home@2x.png */ = {isa = PBXFileReference; lastKnownFileType = image.png; path = "home@2x.png"; sourceTree = "<group>"; };
/* End PBXFileReference section */

/* Begin PBXFrameworksBuildPhase section */
		3C06E3CC1D1154DD00924DCE /* Frameworks */ = {
			isa = PBXFrameworksBuildPhase;
			buildActionMask = 2147483647;
			files = (
			);
			runOnlyForDeploymentPostprocessing = 0;
		};
		3C06E3E51D1154DD00924DCE /* Frameworks */ = {
			isa = PBXFrameworksBuildPhase;
			buildActionMask = 2147483647;
			files = (
			);
			runOnlyForDeploymentPostprocessing = 0;
		};
/* End PBXFrameworksBuildPhase section */

/* Begin PBXGroup section */
		3C06E3C61D1154DD00924DCE = {
			isa = PBXGroup;
			children = (
				3C06E3D11D1154DD00924DCE /* BHTabbarProject */,
				3C06E3EB1D1154DD00924DCE /* BHTabbarProjectTests */,
				3C06E3D01D1154DD00924DCE /* Products */,
			);
			sourceTree = "<group>";
		};
		3C06E3D01D1154DD00924DCE /* Products */ = {
			isa = PBXGroup;
			children = (
				3C06E3CF1D1154DD00924DCE /* BHTabbarProject.app */,
				3C06E3E81D1154DD00924DCE /* BHTabbarProjectTests.xctest */,
			);
			name = Products;
			sourceTree = "<group>";
		};
		3C06E3D11D1154DD00924DCE /* BHTabbarProject */ = {
			isa = PBXGroup;
			children = (
				3C06E3D51D1154DD00924DCE /* AppDelegate.h */,
				3C06E3D61D1154DD00924DCE /* AppDelegate.m */,
				3C06E3D81D1154DD00924DCE /* ViewController.h */,
				3C06E3D91D1154DD00924DCE /* ViewController.m */,
				3C06E3FE1D11552F00924DCE /* home_press@2x.png */,
				3C06E3FF1D11552F00924DCE /* home@2x.png */,
				3C06E3F71D1154EE00924DCE /* BHTabBar */,
				3C06E3DB1D1154DD00924DCE /* Main.storyboard */,
				3C06E3DE1D1154DD00924DCE /* Assets.xcassets */,
				3C06E3E01D1154DD00924DCE /* LaunchScreen.storyboard */,
				3C06E3E31D1154DD00924DCE /* Info.plist */,
				3C06E3D21D1154DD00924DCE /* Supporting Files */,
			);
			path = BHTabbarProject;
			sourceTree = "<group>";
		};
		3C06E3D21D1154DD00924DCE /* Supporting Files */ = {
			isa = PBXGroup;
			children = (
				3C06E3D31D1154DD00924DCE /* main.m */,
			);
			name = "Supporting Files";
			sourceTree = "<group>";
		};
		3C06E3EB1D1154DD00924DCE /* BHTabbarProjectTests */ = {
			isa = PBXGroup;
			children = (
				3C06E3EC1D1154DD00924DCE /* BHTabbarProjectTests.m */,
				3C06E3EE1D1154DD00924DCE /* Info.plist */,
			);
			path = BHTabbarProjectTests;
			sourceTree = "<group>";
		};
		3C06E3F71D1154EE00924DCE /* BHTabBar */ = {
			isa = PBXGroup;
			children = (
				3C06E3F81D1154EE00924DCE /* BHButton.h */,
				3C06E3F91D1154EE00924DCE /* BHButton.m */,
				3C06E3FA1D1154EE00924DCE /* BHTabBarController.h */,
				3C06E3FB1D1154EE00924DCE /* BHTabBarController.m */,
			);
			path = BHTabBar;
			sourceTree = "<group>";
		};
/* End PBXGroup section */

/* Begin PBXNativeTarget section */
		3C06E3CE1D1154DD00924DCE /* BHTabbarProject */ = {
			isa = PBXNativeTarget;
			buildConfigurationList = 3C06E3F11D1154DD00924DCE /* Build configuration list for PBXNativeTarget "BHTabbarProject" */;
			buildPhases = (
				3C06E3CB1D1154DD00924DCE /* Sources */,
				3C06E3CC1D1154DD00924DCE /* Frameworks */,
				3C06E3CD1D1154DD00924DCE /* Resources */,
			);
			buildRules = (
			);
			dependencies = (
			);
			name = BHTabbarProject;
			productName = BHTabbarProject;
			productReference = 3C06E3CF1D1154DD00924DCE /* BHTabbarProject.app */;
			productType = "com.apple.product-type.application";
		};
		3C06E3E71D1154DD00924DCE /* BHTabbarProjectTests */ = {
			isa = PBXNativeTarget;
			buildConfigurationList = 3C06E3F41D1154DD00924DCE /* Build configuration list for PBXNativeTarget "BHTabbarProjectTests" */;
			buildPhases = (
				3C06E3E41D1154DD00924DCE /* Sources */,
				3C06E3E51D1154DD00924DCE /* Frameworks */,
				3C06E3E61D1154DD00924DCE /* Resources */,
			);
			buildRules = (
			);
			dependencies = (
				3C06E3EA1D1154DD00924DCE /* PBXTargetDependency */,
			);
			name = BHTabbarProjectTests;
			productName = BHTabbarProjectTests;
			productReference = 3C06E3E81D1154DD00924DCE /* BHTabbarProjectTests.xctest */;
			productType = "com.apple.product-type.bundle.unit-test";
		};
/* End PBXNativeTarget section */

/* Begin PBXProject section */
		3C06E3C71D1154DD00924DCE /* Project object */ = {
			isa = PBXProject;
			attributes = {
				LastUpgradeCheck = 0710;
				ORGANIZATIONNAME = yt;
				TargetAttributes = {
					3C06E3CE1D1154DD00924DCE = {
						CreatedOnToolsVersion = 7.1;
					};
					3C06E3E71D1154DD00924DCE = {
						CreatedOnToolsVersion = 7.1;
						TestTargetID = 3C06E3CE1D1154DD00924DCE;
					};
				};
			};
			buildConfigurationList = 3C06E3CA1D1154DD00924DCE /* Build configuration list for PBXProject "BHTabbarProject" */;
			compatibilityVersion = "Xcode 3.2";
			developmentRegion = English;
			hasScannedForEncodings = 0;
			knownRegions = (
				en,
				Base,
			);
			mainGroup = 3C06E3C61D1154DD00924DCE;
			productRefGroup = 3C06E3D01D1154DD00924DCE /* Products */;
			projectDirPath = "";
			projectRoot = "";
			targets = (
				3C06E3CE1D1154DD00924DCE /* BHTabbarProject */,
				3C06E3E71D1154DD00924DCE /* BHTabbarProjectTests */,
			);
		};
/* End PBXProject section */

/* Begin PBXResourcesBuildPhase section */
		3C06E3CD1D1154DD00924DCE /* Resources */ = {
			isa = PBXResourcesBuildPhase;
			buildActionMask = 2147483647;
			files = (
				3C06E4011D11552F00924DCE /* home@2x.png in Resources */,
				3C06E3E21D1154DD00924DCE /* LaunchScreen.storyboard in Resources */,
				3C06E3DF1D1154DD00924DCE /* Assets.xcassets in Resources */,
				3C06E3DD1D1154DD00924DCE /* Main.storyboard in Resources */,
				3C06E4001D11552F00924DCE /* home_press@2x.png in Resources */,
			);
			runOnlyForDeploymentPostprocessing = 0;
		};
		3C06E3E61D1154DD00924DCE /* Resources */ = {
			isa = PBXResourcesBuildPhase;
			buildActionMask = 2147483647;
			files = (
			);
			runOnlyForDeploymentPostprocessing = 0;
		};
/* End PBXResourcesBuildPhase section */

/* Begin PBXSourcesBuildPhase section */
		3C06E3CB1D1154DD00924DCE /* Sources */ = {
			isa = PBXSourcesBuildPhase;
			buildActionMask = 2147483647;
			files = (
				3C06E3DA1D1154DD00924DCE /* ViewController.m in Sources */,
				3C06E3D71D1154DD00924DCE /* AppDelegate.m in Sources */,
				3C06E3D41D1154DD00924DCE /* main.m in Sources */,
				3C06E3FC1D1154EE00924DCE /* BHButton.m in Sources */,
				3C06E3FD1D1154EE00924DCE /* BHTabBarController.m in Sources */,
			);
			runOnlyForDeploymentPostprocessing = 0;
		};
		3C06E3E41D1154DD00924DCE /* Sources */ = {
			isa = PBXSourcesBuildPhase;
			buildActionMask = 2147483647;
			files = (
				3C06E3ED1D1154DD00924DCE /* BHTabbarProjectTests.m in Sources */,
			);
			runOnlyForDeploymentPostprocessing = 0;
		};
/* End PBXSourcesBuildPhase section */

/* Begin PBXTargetDependency section */
		3C06E3EA1D1154DD00924DCE /* PBXTargetDependency */ = {
			isa = PBXTargetDependency;
			target = 3C06E3CE1D1154DD00924DCE /* BHTabbarProject */;
			targetProxy = 3C06E3E91D1154DD00924DCE /* PBXContainerItemProxy */;
		};
/* End PBXTargetDependency section */

/* Begin PBXVariantGroup section */
		3C06E3DB1D1154DD00924DCE /* Main.storyboard */ = {
			isa = PBXVariantGroup;
			children = (
				3C06E3DC1D1154DD00924DCE /* Base */,
			);
			name = Main.storyboard;
			sourceTree = "<group>";
		};
		3C06E3E01D1154DD00924DCE /* LaunchScreen.storyboard */ = {
			isa = PBXVariantGroup;
			children = (
				3C06E3E11D1154DD00924DCE /* Base */,
			);
			name = LaunchScreen.storyboard;
			sourceTree = "<group>";
		};
/* End PBXVariantGroup section */

/* Begin XCBuildConfiguration section */
		3C06E3EF1D1154DD00924DCE /* Debug */ = {
			isa = XCBuildConfiguration;
			buildSettings = {
				ALWAYS_SEARCH_USER_PATHS = NO;
				CLANG_CXX_LANGUAGE_STANDARD = "gnu++0x";
				CLANG_CXX_LIBRARY = "libc++";
				CLANG_ENABLE_MODULES = YES;
				CLANG_ENABLE_OBJC_ARC = YES;
				CLANG_WARN_BOOL_CONVERSION = YES;
				CLANG_WARN_CONSTANT_CONVERSION = YES;
				CLANG_WARN_DIRECT_OBJC_ISA_USAGE = YES_ERROR;
				CLANG_WARN_EMPTY_BODY = YES;
				CLANG_WARN_ENUM_CONVERSION = YES;
				CLANG_WARN_INT_CONVERSION = YES;
				CLANG_WARN_OBJC_ROOT_CLASS = YES_ERROR;
				CLANG_WARN_UNREACHABLE_CODE = YES;
				CLANG_WARN__DUPLICATE_METHOD_MATCH = YES;
				"CODE_SIGN_IDENTITY[sdk=iphoneos*]" = "iPhone Developer";
				COPY_PHASE_STRIP = NO;
				DEBUG_INFORMATION_FORMAT = dwarf;
				ENABLE_STRICT_OBJC_MSGSEND = YES;
				ENABLE_TESTABILITY = YES;
				GCC_C_LANGUAGE_STANDARD = gnu99;
				GCC_DYNAMIC_NO_PIC = NO;
				GCC_NO_COMMON_BLOCKS = YES;
				GCC_OPTIMIZATION_LEVEL = 0;
				GCC_PREPROCESSOR_DEFINITIONS = (
					"DEBUG=1",
					"$(inherited)",
				);
				GCC_WARN_64_TO_32_BIT_CONVERSION = YES;
				GCC_WARN_ABOUT_RETURN_TYPE = YES_ERROR;
				GCC_WARN_UNDECLARED_SELECTOR = YES;
				GCC_WARN_UNINITIALIZED_AUTOS = YES_AGGRESSIVE;
				GCC_WARN_UNUSED_FUNCTION = YES;
				GCC_WARN_UNUSED_VARIABLE = YES;
				IPHONEOS_DEPLOYMENT_TARGET = 9.1;
				MTL_ENABLE_DEBUG_INFO = YES;
				ONLY_ACTIVE_ARCH = YES;
				SDKROOT = iphoneos;
			};
			name = Debug;
		};
		3C06E3F01D1154DD00924DCE /* Release */ = {
			isa = XCBuildConfiguration;
			buildSettings = {
				ALWAYS_SEARCH_USER_PATHS = NO;
				CLANG_CXX_LANGUAGE_STANDARD = "gnu++0x";
				CLANG_CXX_LIBRARY = "libc++";
				CLANG_ENABLE_MODULES = YES;
				CLANG_ENABLE_OBJC_ARC = YES;
				CLANG_WARN_BOOL_CONVERSION = YES;
				CLANG_WARN_CONSTANT_CONVERSION = YES;
				CLANG_WARN_DIRECT_OBJC_ISA_USAGE = YES_ERROR;
				CLANG_WARN_EMPTY_BODY = YES;
				CLANG_WARN_ENUM_CONVERSION = YES;
				CLANG_WARN_INT_CONVERSION = YES;
				CLANG_WARN_OBJC_ROOT_CLASS = YES_ERROR;
				CLANG_WARN_UNREACHABLE_CODE = YES;
				CLANG_WARN__DUPLICATE_METHOD_MATCH = YES;
				"CODE_SIGN_IDENTITY[sdk=iphoneos*]" = "iPhone Developer";
				COPY_PHASE_STRIP = NO;
				DEBUG_INFORMATION_FORMAT = "dwarf-with-dsym";
				ENABLE_NS_ASSERTIONS = NO;
				ENABLE_STRICT_OBJC_MSGSEND = YES;
				GCC_C_LANGUAGE_STANDARD = gnu99;
				GCC_NO_COMMON_BLOCKS = YES;
				GCC_WARN_64_TO_32_BIT_CONVERSION = YES;
				GCC_WARN_ABOUT_RETURN_TYPE = YES_ERROR;
				GCC_WARN_UNDECLARED_SELECTOR = YES;
				GCC_WARN_UNINITIALIZED_AUTOS = YES_AGGRESSIVE;
				GCC_WARN_UNUSED_FUNCTION = YES;
				GCC_WARN_UNUSED_VARIABLE = YES;
				IPHONEOS_DEPLOYMENT_TARGET = 9.1;
				MTL_ENABLE_DEBUG_INFO = NO;
				SDKROOT = iphoneos;
				VALIDATE_PRODUCT = YES;
			};
			name = Release;
		};
		3C06E3F21D1154DD00924DCE /* Debug */ = {
			isa = XCBuildConfiguration;
			buildSettings = {
				ASSETCATALOG_COMPILER_APPICON_NAME = AppIcon;
				INFOPLIST_FILE = BHTabbarProject/Info.plist;
				LD_RUNPATH_SEARCH_PATHS = "$(inherited) @executable_path/Frameworks";
				PRODUCT_BUNDLE_IDENTIFIER = com.ttxn.BHTabbarProject;
				PRODUCT_NAME = "$(TARGET_NAME)";
			};
			name = Debug;
		};
		3C06E3F31D1154DD00924DCE /* Release */ = {
			isa = XCBuildConfiguration;
			buildSettings = {
				ASSETCATALOG_COMPILER_APPICON_NAME = AppIcon;
				INFOPLIST_FILE = BHTabbarProject/Info.plist;
				LD_RUNPATH_SEARCH_PATHS = "$(inherited) @executable_path/Frameworks";
				PRODUCT_BUNDLE_IDENTIFIER = com.ttxn.BHTabbarProject;
				PRODUCT_NAME = "$(TARGET_NAME)";
			};
			name = Release;
		};
		3C06E3F51D1154DD00924DCE /* Debug */ = {
			isa = XCBuildConfiguration;
			buildSettings = {
				BUNDLE_LOADER = "$(TEST_HOST)";
				INFOPLIST_FILE = BHTabbarProjectTests/Info.plist;
				LD_RUNPATH_SEARCH_PATHS = "$(inherited) @executable_path/Frameworks @loader_path/Frameworks";
				PRODUCT_BUNDLE_IDENTIFIER = com.ttxn.BHTabbarProjectTests;
				PRODUCT_NAME = "$(TARGET_NAME)";
				TEST_HOST = "$(BUILT_PRODUCTS_DIR)/BHTabbarProject.app/BHTabbarProject";
			};
			name = Debug;
		};
		3C06E3F61D1154DD00924DCE /* Release */ = {
			isa = XCBuildConfiguration;
			buildSettings = {
				BUNDLE_LOADER = "$(TEST_HOST)";
				INFOPLIST_FILE = BHTabbarProjectTests/Info.plist;
				LD_RUNPATH_SEARCH_PATHS = "$(inherited) @executable_path/Frameworks @loader_path/Frameworks";
				PRODUCT_BUNDLE_IDENTIFIER = com.ttxn.BHTabbarProjectTests;
				PRODUCT_NAME = "$(TARGET_NAME)";
				TEST_HOST = "$(BUILT_PRODUCTS_DIR)/BHTabbarProject.app/BHTabbarProject";
			};
			name = Release;
		};
/* End XCBuildConfiguration section */

/* Begin XCConfigurationList section */
		3C06E3CA1D1154DD00924DCE /* Build configuration list for PBXProject "BHTabbarProject" */ = {
			isa = XCConfigurationList;
			buildConfigurations = (
				3C06E3EF1D1154DD00924DCE /* Debug */,
				3C06E3F01D1154DD00924DCE /* Release */,
			);
			defaultConfigurationIsVisible = 0;
			defaultConfigurationName = Release;
		};
		3C06E3F11D1154DD00924DCE /* Build configuration list for PBXNativeTarget "BHTabbarProject" */ = {
			isa = XCConfigurationList;
			buildConfigurations = (
				3C06E3F21D1154DD00924DCE /* Debug */,
				3C06E3F31D1154DD00924DCE /* Release */,
			);
			defaultConfigurationIsVisible = 0;
		};
		3C06E3F41D1154DD00924DCE /* Build configuration list for PBXNativeTarget "BHTabbarProjectTests" */ = {
			isa = XCConfigurationList;
			buildConfigurations = (
				3C06E3F51D1154DD00924DCE /* Debug */,
				3C06E3F61D1154DD00924DCE /* Release */,
			);
			defaultConfigurationIsVisible = 0;
		};
/* End XCConfigurationList section */
	};
	rootObject = 3C06E3C71D1154DD00924DCE /* Project object */;
}
